// !$*UTF8*$!
{
	archiveVersion = 1;
	classes = {
	};
	objectVersion = 50;
	objects = {

/* Begin PBXBuildFile section */
		0732B7FC24BF23350007DF6D /* KingTests.swift in Sources */ = {isa = PBXBuildFile; fileRef = 0732B7FB24BF23350007DF6D /* KingTests.swift */; };
		0732B7FE24BFAFF60007DF6D /* Player.swift in Sources */ = {isa = PBXBuildFile; fileRef = 0732B7FD24BFAFF60007DF6D /* Player.swift */; };
		0732B80024BFD3B40007DF6D /* CannonTests.swift in Sources */ = {isa = PBXBuildFile; fileRef = 0732B7FF24BFD3B40007DF6D /* CannonTests.swift */; };
		075FF65124BE08CB009D96D7 /* AppDelegate.swift in Sources */ = {isa = PBXBuildFile; fileRef = 075FF65024BE08CB009D96D7 /* AppDelegate.swift */; };
		075FF65524BE08CB009D96D7 /* CChessViewController.swift in Sources */ = {isa = PBXBuildFile; fileRef = 075FF65424BE08CB009D96D7 /* CChessViewController.swift */; };
		075FF65824BE08CB009D96D7 /* Main.storyboard in Resources */ = {isa = PBXBuildFile; fileRef = 075FF65624BE08CB009D96D7 /* Main.storyboard */; };
		075FF65A24BE08CC009D96D7 /* Assets.xcassets in Resources */ = {isa = PBXBuildFile; fileRef = 075FF65924BE08CC009D96D7 /* Assets.xcassets */; };
		075FF65D24BE08CC009D96D7 /* LaunchScreen.storyboard in Resources */ = {isa = PBXBuildFile; fileRef = 075FF65B24BE08CC009D96D7 /* LaunchScreen.storyboard */; };
		075FF68124BE0E43009D96D7 /* BoardView.swift in Sources */ = {isa = PBXBuildFile; fileRef = 075FF68024BE0E43009D96D7 /* BoardView.swift */; };
		075FF68324BE0EFD009D96D7 /* Pieces.xcassets in Resources */ = {isa = PBXBuildFile; fileRef = 075FF68224BE0EFD009D96D7 /* Pieces.xcassets */; };
		075FF68524BE0F38009D96D7 /* drop.wav in Resources */ = {isa = PBXBuildFile; fileRef = 075FF68424BE0F38009D96D7 /* drop.wav */; };
		075FF68724BE1061009D96D7 /* NearbyServiceDelegate.swift in Sources */ = {isa = PBXBuildFile; fileRef = 075FF68624BE1061009D96D7 /* NearbyServiceDelegate.swift */; };
		075FF68924BE1075009D96D7 /* NearbyService.swift in Sources */ = {isa = PBXBuildFile; fileRef = 075FF68824BE1075009D96D7 /* NearbyService.swift */; };
		075FF68B24BE1081009D96D7 /* CChessRank.swift in Sources */ = {isa = PBXBuildFile; fileRef = 075FF68A24BE1081009D96D7 /* CChessRank.swift */; };
		075FF68D24BE1091009D96D7 /* Move.swift in Sources */ = {isa = PBXBuildFile; fileRef = 075FF68C24BE1091009D96D7 /* Move.swift */; };
		075FF68F24BE109F009D96D7 /* CChessPiece.swift in Sources */ = {isa = PBXBuildFile; fileRef = 075FF68E24BE109F009D96D7 /* CChessPiece.swift */; };
		075FF69124BE10A9009D96D7 /* CChess.swift in Sources */ = {isa = PBXBuildFile; fileRef = 075FF69024BE10A9009D96D7 /* CChess.swift */; };
		075FF69324BE1771009D96D7 /* CChessDelegate.swift in Sources */ = {isa = PBXBuildFile; fileRef = 075FF69224BE1771009D96D7 /* CChessDelegate.swift */; };
/* End PBXBuildFile section */

/* Begin PBXContainerItemProxy section */
		075FF66424BE08CC009D96D7 /* PBXContainerItemProxy */ = {
			isa = PBXContainerItemProxy;
			containerPortal = 075FF64524BE08CB009D96D7 /* Project object */;
			proxyType = 1;
			remoteGlobalIDString = 075FF64C24BE08CB009D96D7;
			remoteInfo = CChess;
		};
		075FF66F24BE08CC009D96D7 /* PBXContainerItemProxy */ = {
			isa = PBXContainerItemProxy;
			containerPortal = 075FF64524BE08CB009D96D7 /* Project object */;
			proxyType = 1;
			remoteGlobalIDString = 075FF64C24BE08CB009D96D7;
			remoteInfo = CChess;
		};
/* End PBXContainerItemProxy section */

/* Begin PBXFileReference section */
		0732B7FB24BF23350007DF6D /* KingTests.swift */ = {isa = PBXFileReference; fileEncoding = 4; lastKnownFileType = sourcecode.swift; path = KingTests.swift; sourceTree = "<group>"; };
		0732B7FD24BFAFF60007DF6D /* Player.swift */ = {isa = PBXFileReference; lastKnownFileType = sourcecode.swift; path = Player.swift; sourceTree = "<group>"; };
		0732B7FF24BFD3B40007DF6D /* CannonTests.swift */ = {isa = PBXFileReference; lastKnownFileType = sourcecode.swift; path = CannonTests.swift; sourceTree = "<group>"; };
		07579A7A24CB159A00DFAC5D /* CChess.entitlements */ = {isa = PBXFileReference; lastKnownFileType = text.plist.entitlements; path = CChess.entitlements; sourceTree = "<group>"; };
		075FF64D24BE08CB009D96D7 /* CChess.app */ = {isa = PBXFileReference; explicitFileType = wrapper.application; includeInIndex = 0; path = CChess.app; sourceTree = BUILT_PRODUCTS_DIR; };
		075FF65024BE08CB009D96D7 /* AppDelegate.swift */ = {isa = PBXFileReference; lastKnownFileType = sourcecode.swift; path = AppDelegate.swift; sourceTree = "<group>"; };
		075FF65424BE08CB009D96D7 /* CChessViewController.swift */ = {isa = PBXFileReference; lastKnownFileType = sourcecode.swift; path = CChessViewController.swift; sourceTree = "<group>"; };
		075FF65724BE08CB009D96D7 /* Base */ = {isa = PBXFileReference; lastKnownFileType = file.storyboard; name = Base; path = Base.lproj/Main.storyboard; sourceTree = "<group>"; };
		075FF65924BE08CC009D96D7 /* Assets.xcassets */ = {isa = PBXFileReference; lastKnownFileType = folder.assetcatalog; path = Assets.xcassets; sourceTree = "<group>"; };
		075FF65C24BE08CC009D96D7 /* Base */ = {isa = PBXFileReference; lastKnownFileType = file.storyboard; name = Base; path = Base.lproj/LaunchScreen.storyboard; sourceTree = "<group>"; };
		075FF65E24BE08CC009D96D7 /* Info.plist */ = {isa = PBXFileReference; lastKnownFileType = text.plist.xml; path = Info.plist; sourceTree = "<group>"; };
		075FF66324BE08CC009D96D7 /* CChessTests.xctest */ = {isa = PBXFileReference; explicitFileType = wrapper.cfbundle; includeInIndex = 0; path = CChessTests.xctest; sourceTree = BUILT_PRODUCTS_DIR; };
		075FF66924BE08CC009D96D7 /* Info.plist */ = {isa = PBXFileReference; lastKnownFileType = text.plist.xml; path = Info.plist; sourceTree = "<group>"; };
		075FF66E24BE08CC009D96D7 /* CChessUITests.xctest */ = {isa = PBXFileReference; explicitFileType = wrapper.cfbundle; includeInIndex = 0; path = CChessUITests.xctest; sourceTree = BUILT_PRODUCTS_DIR; };
		075FF68024BE0E43009D96D7 /* BoardView.swift */ = {isa = PBXFileReference; lastKnownFileType = sourcecode.swift; path = BoardView.swift; sourceTree = "<group>"; };
		075FF68224BE0EFD009D96D7 /* Pieces.xcassets */ = {isa = PBXFileReference; lastKnownFileType = folder.assetcatalog; path = Pieces.xcassets; sourceTree = "<group>"; };
		075FF68424BE0F38009D96D7 /* drop.wav */ = {isa = PBXFileReference; lastKnownFileType = audio.wav; path = drop.wav; sourceTree = "<group>"; };
		075FF68624BE1061009D96D7 /* NearbyServiceDelegate.swift */ = {isa = PBXFileReference; fileEncoding = 4; lastKnownFileType = sourcecode.swift; path = NearbyServiceDelegate.swift; sourceTree = "<group>"; };
		075FF68824BE1075009D96D7 /* NearbyService.swift */ = {isa = PBXFileReference; fileEncoding = 4; lastKnownFileType = sourcecode.swift; path = NearbyService.swift; sourceTree = "<group>"; };
		075FF68A24BE1081009D96D7 /* CChessRank.swift */ = {isa = PBXFileReference; fileEncoding = 4; lastKnownFileType = sourcecode.swift; path = CChessRank.swift; sourceTree = "<group>"; };
		075FF68C24BE1091009D96D7 /* Move.swift */ = {isa = PBXFileReference; fileEncoding = 4; lastKnownFileType = sourcecode.swift; path = Move.swift; sourceTree = "<group>"; };
		075FF68E24BE109F009D96D7 /* CChessPiece.swift */ = {isa = PBXFileReference; fileEncoding = 4; lastKnownFileType = sourcecode.swift; path = CChessPiece.swift; sourceTree = "<group>"; };
		075FF69024BE10A9009D96D7 /* CChess.swift */ = {isa = PBXFileReference; fileEncoding = 4; lastKnownFileType = sourcecode.swift; path = CChess.swift; sourceTree = "<group>"; };
		075FF69224BE1771009D96D7 /* CChessDelegate.swift */ = {isa = PBXFileReference; lastKnownFileType = sourcecode.swift; path = CChessDelegate.swift; sourceTree = "<group>"; };
/* End PBXFileReference section */

/* Begin PBXFrameworksBuildPhase section */
		075FF64A24BE08CB009D96D7 /* Frameworks */ = {
			isa = PBXFrameworksBuildPhase;
			buildActionMask = 2147483647;
			files = (
			);
			runOnlyForDeploymentPostprocessing = 0;
		};
		075FF66024BE08CC009D96D7 /* Frameworks */ = {
			isa = PBXFrameworksBuildPhase;
			buildActionMask = 2147483647;
			files = (
			);
			runOnlyForDeploymentPostprocessing = 0;
		};
		075FF66B24BE08CC009D96D7 /* Frameworks */ = {
			isa = PBXFrameworksBuildPhase;
			buildActionMask = 2147483647;
			files = (
			);
			runOnlyForDeploymentPostprocessing = 0;
		};
/* End PBXFrameworksBuildPhase section */

/* Begin PBXGroup section */
		075FF64424BE08CB009D96D7 = {
			isa = PBXGroup;
			children = (
				075FF64F24BE08CB009D96D7 /* CChess */,
				075FF66624BE08CC009D96D7 /* CChessTests */,
				075FF64E24BE08CB009D96D7 /* Products */,
			);
			sourceTree = "<group>";
		};
		075FF64E24BE08CB009D96D7 /* Products */ = {
			isa = PBXGroup;
			children = (
				075FF64D24BE08CB009D96D7 /* CChess.app */,
				075FF66324BE08CC009D96D7 /* CChessTests.xctest */,
				075FF66E24BE08CC009D96D7 /* CChessUITests.xctest */,
			);
			name = Products;
			sourceTree = "<group>";
		};
		075FF64F24BE08CB009D96D7 /* CChess */ = {
			isa = PBXGroup;
			children = (
				07579A7A24CB159A00DFAC5D /* CChess.entitlements */,
				075FF68624BE1061009D96D7 /* NearbyServiceDelegate.swift */,
				075FF68824BE1075009D96D7 /* NearbyService.swift */,
				0732B7FD24BFAFF60007DF6D /* Player.swift */,
				075FF68E24BE109F009D96D7 /* CChessPiece.swift */,
				075FF69224BE1771009D96D7 /* CChessDelegate.swift */,
				075FF68C24BE1091009D96D7 /* Move.swift */,
				075FF68A24BE1081009D96D7 /* CChessRank.swift */,
				075FF69024BE10A9009D96D7 /* CChess.swift */,
				075FF68024BE0E43009D96D7 /* BoardView.swift */,
				075FF65424BE08CB009D96D7 /* CChessViewController.swift */,
				075FF65024BE08CB009D96D7 /* AppDelegate.swift */,
				075FF65624BE08CB009D96D7 /* Main.storyboard */,
				075FF65924BE08CC009D96D7 /* Assets.xcassets */,
				075FF68224BE0EFD009D96D7 /* Pieces.xcassets */,
				075FF68424BE0F38009D96D7 /* drop.wav */,
				075FF65B24BE08CC009D96D7 /* LaunchScreen.storyboard */,
				075FF65E24BE08CC009D96D7 /* Info.plist */,
			);
			path = CChess;
			sourceTree = "<group>";
		};
		075FF66624BE08CC009D96D7 /* CChessTests */ = {
			isa = PBXGroup;
			children = (
				0732B7FF24BFD3B40007DF6D /* CannonTests.swift */,
				0732B7FB24BF23350007DF6D /* KingTests.swift */,
				075FF66924BE08CC009D96D7 /* Info.plist */,
			);
			path = CChessTests;
			sourceTree = "<group>";
		};
/* End PBXGroup section */

/* Begin PBXNativeTarget section */
		075FF64C24BE08CB009D96D7 /* CChess */ = {
			isa = PBXNativeTarget;
			buildConfigurationList = 075FF67724BE08CC009D96D7 /* Build configuration list for PBXNativeTarget "CChess" */;
			buildPhases = (
				075FF64924BE08CB009D96D7 /* Sources */,
				075FF64A24BE08CB009D96D7 /* Frameworks */,
				075FF64B24BE08CB009D96D7 /* Resources */,
			);
			buildRules = (
			);
			dependencies = (
			);
			name = CChess;
			productName = CChess;
			productReference = 075FF64D24BE08CB009D96D7 /* CChess.app */;
			productType = "com.apple.product-type.application";
		};
		075FF66224BE08CC009D96D7 /* CChessTests */ = {
			isa = PBXNativeTarget;
			buildConfigurationList = 075FF67A24BE08CC009D96D7 /* Build configuration list for PBXNativeTarget "CChessTests" */;
			buildPhases = (
				075FF65F24BE08CC009D96D7 /* Sources */,
				075FF66024BE08CC009D96D7 /* Frameworks */,
				075FF66124BE08CC009D96D7 /* Resources */,
			);
			buildRules = (
			);
			dependencies = (
				075FF66524BE08CC009D96D7 /* PBXTargetDependency */,
			);
			name = CChessTests;
			productName = CChessTests;
			productReference = 075FF66324BE08CC009D96D7 /* CChessTests.xctest */;
			productType = "com.apple.product-type.bundle.unit-test";
		};
		075FF66D24BE08CC009D96D7 /* CChessUITests */ = {
			isa = PBXNativeTarget;
			buildConfigurationList = 075FF67D24BE08CC009D96D7 /* Build configuration list for PBXNativeTarget "CChessUITests" */;
			buildPhases = (
				075FF66A24BE08CC009D96D7 /* Sources */,
				075FF66B24BE08CC009D96D7 /* Frameworks */,
				075FF66C24BE08CC009D96D7 /* Resources */,
			);
			buildRules = (
			);
			dependencies = (
				075FF67024BE08CC009D96D7 /* PBXTargetDependency */,
			);
			name = CChessUITests;
			productName = CChessUITests;
			productReference = 075FF66E24BE08CC009D96D7 /* CChessUITests.xctest */;
			productType = "com.apple.product-type.bundle.ui-testing";
		};
/* End PBXNativeTarget section */

/* Begin PBXProject section */
		075FF64524BE08CB009D96D7 /* Project object */ = {
			isa = PBXProject;
			attributes = {
				LastSwiftUpdateCheck = 1200;
				LastUpgradeCheck = 1200;
				ORGANIZATIONNAME = "Gold Thumb Inc.";
				TargetAttributes = {
					075FF64C24BE08CB009D96D7 = {
						CreatedOnToolsVersion = 12.0;
					};
					075FF66224BE08CC009D96D7 = {
						CreatedOnToolsVersion = 12.0;
						LastSwiftMigration = 1200;
						TestTargetID = 075FF64C24BE08CB009D96D7;
					};
					075FF66D24BE08CC009D96D7 = {
						CreatedOnToolsVersion = 12.0;
						TestTargetID = 075FF64C24BE08CB009D96D7;
					};
				};
			};
			buildConfigurationList = 075FF64824BE08CB009D96D7 /* Build configuration list for PBXProject "CChess" */;
			compatibilityVersion = "Xcode 9.3";
			developmentRegion = en;
			hasScannedForEncodings = 0;
			knownRegions = (
				en,
				Base,
			);
			mainGroup = 075FF64424BE08CB009D96D7;
			productRefGroup = 075FF64E24BE08CB009D96D7 /* Products */;
			projectDirPath = "";
			projectRoot = "";
			targets = (
				075FF64C24BE08CB009D96D7 /* CChess */,
				075FF66224BE08CC009D96D7 /* CChessTests */,
				075FF66D24BE08CC009D96D7 /* CChessUITests */,
			);
		};
/* End PBXProject section */

/* Begin PBXResourcesBuildPhase section */
		075FF64B24BE08CB009D96D7 /* Resources */ = {
			isa = PBXResourcesBuildPhase;
			buildActionMask = 2147483647;
			files = (
				075FF68524BE0F38009D96D7 /* drop.wav in Resources */,
				075FF68324BE0EFD009D96D7 /* Pieces.xcassets in Resources */,
				075FF65D24BE08CC009D96D7 /* LaunchScreen.storyboard in Resources */,
				075FF65A24BE08CC009D96D7 /* Assets.xcassets in Resources */,
				075FF65824BE08CB009D96D7 /* Main.storyboard in Resources */,
			);
			runOnlyForDeploymentPostprocessing = 0;
		};
		075FF66124BE08CC009D96D7 /* Resources */ = {
			isa = PBXResourcesBuildPhase;
			buildActionMask = 2147483647;
			files = (
			);
			runOnlyForDeploymentPostprocessing = 0;
		};
		075FF66C24BE08CC009D96D7 /* Resources */ = {
			isa = PBXResourcesBuildPhase;
			buildActionMask = 2147483647;
			files = (
			);
			runOnlyForDeploymentPostprocessing = 0;
		};
/* End PBXResourcesBuildPhase section */

/* Begin PBXSourcesBuildPhase section */
		075FF64924BE08CB009D96D7 /* Sources */ = {
			isa = PBXSourcesBuildPhase;
			buildActionMask = 2147483647;
			files = (
				0732B7FE24BFAFF60007DF6D /* Player.swift in Sources */,
				075FF68D24BE1091009D96D7 /* Move.swift in Sources */,
				075FF68124BE0E43009D96D7 /* BoardView.swift in Sources */,
				075FF65524BE08CB009D96D7 /* CChessViewController.swift in Sources */,
				075FF69324BE1771009D96D7 /* CChessDelegate.swift in Sources */,
				075FF68F24BE109F009D96D7 /* CChessPiece.swift in Sources */,
				075FF68B24BE1081009D96D7 /* CChessRank.swift in Sources */,
				075FF65124BE08CB009D96D7 /* AppDelegate.swift in Sources */,
				075FF68724BE1061009D96D7 /* NearbyServiceDelegate.swift in Sources */,
				075FF69124BE10A9009D96D7 /* CChess.swift in Sources */,
				075FF68924BE1075009D96D7 /* NearbyService.swift in Sources */,
			);
			runOnlyForDeploymentPostprocessing = 0;
		};
		075FF65F24BE08CC009D96D7 /* Sources */ = {
			isa = PBXSourcesBuildPhase;
			buildActionMask = 2147483647;
			files = (
				0732B80024BFD3B40007DF6D /* CannonTests.swift in Sources */,
				0732B7FC24BF23350007DF6D /* KingTests.swift in Sources */,
			);
			runOnlyForDeploymentPostprocessing = 0;
		};
		075FF66A24BE08CC009D96D7 /* Sources */ = {
			isa = PBXSourcesBuildPhase;
			buildActionMask = 2147483647;
			files = (
			);
			runOnlyForDeploymentPostprocessing = 0;
		};
/* End PBXSourcesBuildPhase section */

/* Begin PBXTargetDependency section */
		075FF66524BE08CC009D96D7 /* PBXTargetDependency */ = {
			isa = PBXTargetDependency;
			target = 075FF64C24BE08CB009D96D7 /* CChess */;
			targetProxy = 075FF66424BE08CC009D96D7 /* PBXContainerItemProxy */;
		};
		075FF67024BE08CC009D96D7 /* PBXTargetDependency */ = {
			isa = PBXTargetDependency;
			target = 075FF64C24BE08CB009D96D7 /* CChess */;
			targetProxy = 075FF66F24BE08CC009D96D7 /* PBXContainerItemProxy */;
		};
/* End PBXTargetDependency section */

/* Begin PBXVariantGroup section */
		075FF65624BE08CB009D96D7 /* Main.storyboard */ = {
			isa = PBXVariantGroup;
			children = (
				075FF65724BE08CB009D96D7 /* Base */,
			);
			name = Main.storyboard;
			sourceTree = "<group>";
		};
		075FF65B24BE08CC009D96D7 /* LaunchScreen.storyboard */ = {
			isa = PBXVariantGroup;
			children = (
				075FF65C24BE08CC009D96D7 /* Base */,
			);
			name = LaunchScreen.storyboard;
			sourceTree = "<group>";
		};
/* End PBXVariantGroup section */

/* Begin XCBuildConfiguration section */
		075FF67524BE08CC009D96D7 /* Debug */ = {
			isa = XCBuildConfiguration;
			buildSettings = {
				ALWAYS_SEARCH_USER_PATHS = NO;
				CLANG_ANALYZER_NONNULL = YES;
				CLANG_ANALYZER_NUMBER_OBJECT_CONVERSION = YES_AGGRESSIVE;
				CLANG_CXX_LANGUAGE_STANDARD = "gnu++14";
				CLANG_CXX_LIBRARY = "libc++";
				CLANG_ENABLE_MODULES = YES;
				CLANG_ENABLE_OBJC_ARC = YES;
				CLANG_ENABLE_OBJC_WEAK = YES;
				CLANG_WARN_BLOCK_CAPTURE_AUTORELEASING = YES;
				CLANG_WARN_BOOL_CONVERSION = YES;
				CLANG_WARN_COMMA = YES;
				CLANG_WARN_CONSTANT_CONVERSION = YES;
				CLANG_WARN_DEPRECATED_OBJC_IMPLEMENTATIONS = YES;
				CLANG_WARN_DIRECT_OBJC_ISA_USAGE = YES_ERROR;
				CLANG_WARN_DOCUMENTATION_COMMENTS = YES;
				CLANG_WARN_EMPTY_BODY = YES;
				CLANG_WARN_ENUM_CONVERSION = YES;
				CLANG_WARN_INFINITE_RECURSION = YES;
				CLANG_WARN_INT_CONVERSION = YES;
				CLANG_WARN_NON_LITERAL_NULL_CONVERSION = YES;
				CLANG_WARN_OBJC_IMPLICIT_RETAIN_SELF = YES;
				CLANG_WARN_OBJC_LITERAL_CONVERSION = YES;
				CLANG_WARN_OBJC_ROOT_CLASS = YES_ERROR;
				CLANG_WARN_QUOTED_INCLUDE_IN_FRAMEWORK_HEADER = YES;
				CLANG_WARN_RANGE_LOOP_ANALYSIS = YES;
				CLANG_WARN_STRICT_PROTOTYPES = YES;
				CLANG_WARN_SUSPICIOUS_MOVE = YES;
				CLANG_WARN_UNGUARDED_AVAILABILITY = YES_AGGRESSIVE;
				CLANG_WARN_UNREACHABLE_CODE = YES;
				CLANG_WARN__DUPLICATE_METHOD_MATCH = YES;
				COPY_PHASE_STRIP = NO;
				DEBUG_INFORMATION_FORMAT = dwarf;
				ENABLE_STRICT_OBJC_MSGSEND = YES;
				ENABLE_TESTABILITY = YES;
				GCC_C_LANGUAGE_STANDARD = gnu11;
				GCC_DYNAMIC_NO_PIC = NO;
				GCC_NO_COMMON_BLOCKS = YES;
				GCC_OPTIMIZATION_LEVEL = 0;
				GCC_PREPROCESSOR_DEFINITIONS = (
					"DEBUG=1",
					"$(inherited)",
				);
				GCC_WARN_64_TO_32_BIT_CONVERSION = YES;
				GCC_WARN_ABOUT_RETURN_TYPE = YES_ERROR;
				GCC_WARN_UNDECLARED_SELECTOR = YES;
				GCC_WARN_UNINITIALIZED_AUTOS = YES_AGGRESSIVE;
				GCC_WARN_UNUSED_FUNCTION = YES;
				GCC_WARN_UNUSED_VARIABLE = YES;
				IPHONEOS_DEPLOYMENT_TARGET = 9.0;
				MTL_ENABLE_DEBUG_INFO = INCLUDE_SOURCE;
				MTL_FAST_MATH = YES;
				ONLY_ACTIVE_ARCH = YES;
				SDKROOT = iphoneos;
				SWIFT_ACTIVE_COMPILATION_CONDITIONS = DEBUG;
				SWIFT_OPTIMIZATION_LEVEL = "-Onone";
			};
			name = Debug;
		};
		075FF67624BE08CC009D96D7 /* Release */ = {
			isa = XCBuildConfiguration;
			buildSettings = {
				ALWAYS_SEARCH_USER_PATHS = NO;
				CLANG_ANALYZER_NONNULL = YES;
				CLANG_ANALYZER_NUMBER_OBJECT_CONVERSION = YES_AGGRESSIVE;
				CLANG_CXX_LANGUAGE_STANDARD = "gnu++14";
				CLANG_CXX_LIBRARY = "libc++";
				CLANG_ENABLE_MODULES = YES;
				CLANG_ENABLE_OBJC_ARC = YES;
				CLANG_ENABLE_OBJC_WEAK = YES;
				CLANG_WARN_BLOCK_CAPTURE_AUTORELEASING = YES;
				CLANG_WARN_BOOL_CONVERSION = YES;
				CLANG_WARN_COMMA = YES;
				CLANG_WARN_CONSTANT_CONVERSION = YES;
				CLANG_WARN_DEPRECATED_OBJC_IMPLEMENTATIONS = YES;
				CLANG_WARN_DIRECT_OBJC_ISA_USAGE = YES_ERROR;
				CLANG_WARN_DOCUMENTATION_COMMENTS = YES;
				CLANG_WARN_EMPTY_BODY = YES;
				CLANG_WARN_ENUM_CONVERSION = YES;
				CLANG_WARN_INFINITE_RECURSION = YES;
				CLANG_WARN_INT_CONVERSION = YES;
				CLANG_WARN_NON_LITERAL_NULL_CONVERSION = YES;
				CLANG_WARN_OBJC_IMPLICIT_RETAIN_SELF = YES;
				CLANG_WARN_OBJC_LITERAL_CONVERSION = YES;
				CLANG_WARN_OBJC_ROOT_CLASS = YES_ERROR;
				CLANG_WARN_QUOTED_INCLUDE_IN_FRAMEWORK_HEADER = YES;
				CLANG_WARN_RANGE_LOOP_ANALYSIS = YES;
				CLANG_WARN_STRICT_PROTOTYPES = YES;
				CLANG_WARN_SUSPICIOUS_MOVE = YES;
				CLANG_WARN_UNGUARDED_AVAILABILITY = YES_AGGRESSIVE;
				CLANG_WARN_UNREACHABLE_CODE = YES;
				CLANG_WARN__DUPLICATE_METHOD_MATCH = YES;
				COPY_PHASE_STRIP = NO;
				DEBUG_INFORMATION_FORMAT = "dwarf-with-dsym";
				ENABLE_NS_ASSERTIONS = NO;
				ENABLE_STRICT_OBJC_MSGSEND = YES;
				GCC_C_LANGUAGE_STANDARD = gnu11;
				GCC_NO_COMMON_BLOCKS = YES;
				GCC_WARN_64_TO_32_BIT_CONVERSION = YES;
				GCC_WARN_ABOUT_RETURN_TYPE = YES_ERROR;
				GCC_WARN_UNDECLARED_SELECTOR = YES;
				GCC_WARN_UNINITIALIZED_AUTOS = YES_AGGRESSIVE;
				GCC_WARN_UNUSED_FUNCTION = YES;
				GCC_WARN_UNUSED_VARIABLE = YES;
				IPHONEOS_DEPLOYMENT_TARGET = 9.0;
				MTL_ENABLE_DEBUG_INFO = NO;
				MTL_FAST_MATH = YES;
				SDKROOT = iphoneos;
				SWIFT_COMPILATION_MODE = wholemodule;
				SWIFT_OPTIMIZATION_LEVEL = "-O";
				VALIDATE_PRODUCT = YES;
			};
			name = Release;
		};
		075FF67824BE08CC009D96D7 /* Debug */ = {
			isa = XCBuildConfiguration;
			buildSettings = {
				ASSETCATALOG_COMPILER_APPICON_NAME = AppIcon;
				ASSETCATALOG_COMPILER_GLOBAL_ACCENT_COLOR_NAME = AccentColor;
				CODE_SIGN_ENTITLEMENTS = CChess/CChess.entitlements;
				CODE_SIGN_STYLE = Automatic;
				CURRENT_PROJECT_VERSION = 4;
				DEVELOPMENT_TEAM = J8B74FCZCC;
				INFOPLIST_FILE = CChess/Info.plist;
				LD_RUNPATH_SEARCH_PATHS = (
					"$(inherited)",
					"@executable_path/Frameworks",
				);
				PRODUCT_BUNDLE_IDENTIFIER = com.goldthumb.CChess;
				PRODUCT_NAME = "$(TARGET_NAME)";
				SWIFT_VERSION = 5.0;
				TARGETED_DEVICE_FAMILY = "1,2";
			};
			name = Debug;
		};
		075FF67924BE08CC009D96D7 /* Release */ = {
			isa = XCBuildConfiguration;
			buildSettings = {
				ASSETCATALOG_COMPILER_APPICON_NAME = AppIcon;
				ASSETCATALOG_COMPILER_GLOBAL_ACCENT_COLOR_NAME = AccentColor;
				CODE_SIGN_ENTITLEMENTS = CChess/CChess.entitlements;
				CODE_SIGN_STYLE = Automatic;
				CURRENT_PROJECT_VERSION = 4;
				DEVELOPMENT_TEAM = J8B74FCZCC;
				INFOPLIST_FILE = CChess/Info.plist;
				LD_RUNPATH_SEARCH_PATHS = (
					"$(inherited)",
					"@executable_path/Frameworks",
				);
				PRODUCT_BUNDLE_IDENTIFIER = com.goldthumb.CChess;
				PRODUCT_NAME = "$(TARGET_NAME)";
				SWIFT_VERSION = 5.0;
				TARGETED_DEVICE_FAMILY = "1,2";
			};
			name = Release;
		};
		075FF67B24BE08CC009D96D7 /* Debug */ = {
			isa = XCBuildConfiguration;
			buildSettings = {
				ALWAYS_EMBED_SWIFT_STANDARD_LIBRARIES = YES;
				BUNDLE_LOADER = "$(TEST_HOST)";
				CLANG_ENABLE_MODULES = YES;
				CODE_SIGN_STYLE = Automatic;
				DEVELOPMENT_TEAM = J8B74FCZCC;
				INFOPLIST_FILE = CChessTests/Info.plist;
				IPHONEOS_DEPLOYMENT_TARGET = 14.0;
				LD_RUNPATH_SEARCH_PATHS = (
					"$(inherited)",
					"@executable_path/Frameworks",
					"@loader_path/Frameworks",
				);
				PRODUCT_BUNDLE_IDENTIFIER = com.goldthumb.CChessTests;
				PRODUCT_NAME = "$(TARGET_NAME)";
				SWIFT_OPTIMIZATION_LEVEL = "-Onone";
				SWIFT_VERSION = 5.0;
				TARGETED_DEVICE_FAMILY = "1,2";
				TEST_HOST = "$(BUILT_PRODUCTS_DIR)/CChess.app/CChess";
			};
			name = Debug;
		};
		075FF67C24BE08CC009D96D7 /* Release */ = {
			isa = XCBuildConfiguration;
			buildSettings = {
				ALWAYS_EMBED_SWIFT_STANDARD_LIBRARIES = YES;
				BUNDLE_LOADER = "$(TEST_HOST)";
				CLANG_ENABLE_MODULES = YES;
				CODE_SIGN_STYLE = Automatic;
				DEVELOPMENT_TEAM = J8B74FCZCC;
				INFOPLIST_FILE = CChessTests/Info.plist;
				IPHONEOS_DEPLOYMENT_TARGET = 14.0;
				LD_RUNPATH_SEARCH_PATHS = (
					"$(inherited)",
					"@executable_path/Frameworks",
					"@loader_path/Frameworks",
				);
				PRODUCT_BUNDLE_IDENTIFIER = com.goldthumb.CChessTests;
				PRODUCT_NAME = "$(TARGET_NAME)";
				SWIFT_VERSION = 5.0;
				TARGETED_DEVICE_FAMILY = "1,2";
				TEST_HOST = "$(BUILT_PRODUCTS_DIR)/CChess.app/CChess";
			};
			name = Release;
		};
		075FF67E24BE08CC009D96D7 /* Debug */ = {
			isa = XCBuildConfiguration;
			buildSettings = {
				ALWAYS_EMBED_SWIFT_STANDARD_LIBRARIES = YES;
				CODE_SIGN_STYLE = Automatic;
				DEVELOPMENT_TEAM = J8B74FCZCC;
				INFOPLIST_FILE = CChessUITests/Info.plist;
				LD_RUNPATH_SEARCH_PATHS = (
					"$(inherited)",
					"@executable_path/Frameworks",
					"@loader_path/Frameworks",
				);
				PRODUCT_BUNDLE_IDENTIFIER = com.goldthumb.CChessUITests;
				PRODUCT_NAME = "$(TARGET_NAME)";
				SWIFT_VERSION = 5.0;
				TARGETED_DEVICE_FAMILY = "1,2";
				TEST_TARGET_NAME = CChess;
			};
			name = Debug;
		};
		075FF67F24BE08CC009D96D7 /* Release */ = {
			isa = XCBuildConfiguration;
			buildSettings = {
				ALWAYS_EMBED_SWIFT_STANDARD_LIBRARIES = YES;
				CODE_SIGN_STYLE = Automatic;
				DEVELOPMENT_TEAM = J8B74FCZCC;
				INFOPLIST_FILE = CChessUITests/Info.plist;
				LD_RUNPATH_SEARCH_PATHS = (
					"$(inherited)",
					"@executable_path/Frameworks",
					"@loader_path/Frameworks",
				);
				PRODUCT_BUNDLE_IDENTIFIER = com.goldthumb.CChessUITests;
				PRODUCT_NAME = "$(TARGET_NAME)";
				SWIFT_VERSION = 5.0;
				TARGETED_DEVICE_FAMILY = "1,2";
				TEST_TARGET_NAME = CChess;
			};
			name = Release;
		};
/* End XCBuildConfiguration section */

/* Begin XCConfigurationList section */
		075FF64824BE08CB009D96D7 /* Build configuration list for PBXProject "CChess" */ = {
			isa = XCConfigurationList;
			buildConfigurations = (
				075FF67524BE08CC009D96D7 /* Debug */,
				075FF67624BE08CC009D96D7 /* Release */,
			);
			defaultConfigurationIsVisible = 0;
			defaultConfigurationName = Release;
		};
		075FF67724BE08CC009D96D7 /* Build configuration list for PBXNativeTarget "CChess" */ = {
			isa = XCConfigurationList;
			buildConfigurations = (
				075FF67824BE08CC009D96D7 /* Debug */,
				075FF67924BE08CC009D96D7 /* Release */,
			);
			defaultConfigurationIsVisible = 0;
			defaultConfigurationName = Release;
		};
		075FF67A24BE08CC009D96D7 /* Build configuration list for PBXNativeTarget "CChessTests" */ = {
			isa = XCConfigurationList;
			buildConfigurations = (
				075FF67B24BE08CC009D96D7 /* Debug */,
				075FF67C24BE08CC009D96D7 /* Release */,
			);
			defaultConfigurationIsVisible = 0;
			defaultConfigurationName = Release;
		};
		075FF67D24BE08CC009D96D7 /* Build configuration list for PBXNativeTarget "CChessUITests" */ = {
			isa = XCConfigurationList;
			buildConfigurations = (
				075FF67E24BE08CC009D96D7 /* Debug */,
				075FF67F24BE08CC009D96D7 /* Release */,
			);
			defaultConfigurationIsVisible = 0;
			defaultConfigurationName = Release;
		};
/* End XCConfigurationList section */
	};
	rootObject = 075FF64524BE08CB009D96D7 /* Project object */;
}
