// !$*UTF8*$!
{
	archiveVersion = 1;
	classes = {
	};
	objectVersion = 50;
	objects = {

/* Begin PBXBuildFile section */
		0789494624AAC40B007EEFB2 /* CChessGameTests.swift in Sources */ = {isa = PBXBuildFile; fileRef = 0789494524AAC40B007EEFB2 /* CChessGameTests.swift */; };
		0789494824AAC6B2007EEFB2 /* CChessRank.swift in Sources */ = {isa = PBXBuildFile; fileRef = 0789494724AAC6B2007EEFB2 /* CChessRank.swift */; };
		07C2585524A2B0BC009C4025 /* AppDelegate.swift in Sources */ = {isa = PBXBuildFile; fileRef = 07C2585424A2B0BC009C4025 /* AppDelegate.swift */; };
		07C2585724A2B0BC009C4025 /* SceneDelegate.swift in Sources */ = {isa = PBXBuildFile; fileRef = 07C2585624A2B0BC009C4025 /* SceneDelegate.swift */; };
		07C2585924A2B0BC009C4025 /* ContentView.swift in Sources */ = {isa = PBXBuildFile; fileRef = 07C2585824A2B0BC009C4025 /* ContentView.swift */; };
		07C2585B24A2B0BD009C4025 /* Assets.xcassets in Resources */ = {isa = PBXBuildFile; fileRef = 07C2585A24A2B0BD009C4025 /* Assets.xcassets */; };
		07C2585E24A2B0BD009C4025 /* Preview Assets.xcassets in Resources */ = {isa = PBXBuildFile; fileRef = 07C2585D24A2B0BD009C4025 /* Preview Assets.xcassets */; };
		07C2586124A2B0BD009C4025 /* LaunchScreen.storyboard in Resources */ = {isa = PBXBuildFile; fileRef = 07C2585F24A2B0BD009C4025 /* LaunchScreen.storyboard */; };
		07FA1E8D24A58F8F00B633F6 /* Pieces.xcassets in Resources */ = {isa = PBXBuildFile; fileRef = 07FA1E8C24A58F8E00B633F6 /* Pieces.xcassets */; };
		07FA1E8F24A5B76800B633F6 /* CChessPiece.swift in Sources */ = {isa = PBXBuildFile; fileRef = 07FA1E8E24A5B76800B633F6 /* CChessPiece.swift */; };
		07FA1E9124A5B7B300B633F6 /* CChessGame.swift in Sources */ = {isa = PBXBuildFile; fileRef = 07FA1E9024A5B7B300B633F6 /* CChessGame.swift */; };
		07FA1E9B24A9491F00B633F6 /* drop.wav in Resources */ = {isa = PBXBuildFile; fileRef = 07FA1E9A24A9491F00B633F6 /* drop.wav */; };
		07FA1E9D24A9574400B633F6 /* NearbyService.swift in Sources */ = {isa = PBXBuildFile; fileRef = 07FA1E9C24A9574400B633F6 /* NearbyService.swift */; };
		07FA1E9F24A973D200B633F6 /* NearbyServiceDelegate.swift in Sources */ = {isa = PBXBuildFile; fileRef = 07FA1E9E24A973D200B633F6 /* NearbyServiceDelegate.swift */; };
/* End PBXBuildFile section */

/* Begin PBXContainerItemProxy section */
		07C2586824A2B0BD009C4025 /* PBXContainerItemProxy */ = {
			isa = PBXContainerItemProxy;
			containerPortal = 07C2584924A2B0BC009C4025 /* Project object */;
			proxyType = 1;
			remoteGlobalIDString = 07C2585024A2B0BC009C4025;
			remoteInfo = CChess;
		};
/* End PBXContainerItemProxy section */

/* Begin PBXFileReference section */
		0789494524AAC40B007EEFB2 /* CChessGameTests.swift */ = {isa = PBXFileReference; lastKnownFileType = sourcecode.swift; path = CChessGameTests.swift; sourceTree = "<group>"; };
		0789494724AAC6B2007EEFB2 /* CChessRank.swift */ = {isa = PBXFileReference; lastKnownFileType = sourcecode.swift; path = CChessRank.swift; sourceTree = "<group>"; };
		07C2585124A2B0BC009C4025 /* CChess.app */ = {isa = PBXFileReference; explicitFileType = wrapper.application; includeInIndex = 0; path = CChess.app; sourceTree = BUILT_PRODUCTS_DIR; };
		07C2585424A2B0BC009C4025 /* AppDelegate.swift */ = {isa = PBXFileReference; lastKnownFileType = sourcecode.swift; path = AppDelegate.swift; sourceTree = "<group>"; };
		07C2585624A2B0BC009C4025 /* SceneDelegate.swift */ = {isa = PBXFileReference; lastKnownFileType = sourcecode.swift; path = SceneDelegate.swift; sourceTree = "<group>"; };
		07C2585824A2B0BC009C4025 /* ContentView.swift */ = {isa = PBXFileReference; lastKnownFileType = sourcecode.swift; path = ContentView.swift; sourceTree = "<group>"; };
		07C2585A24A2B0BD009C4025 /* Assets.xcassets */ = {isa = PBXFileReference; lastKnownFileType = folder.assetcatalog; path = Assets.xcassets; sourceTree = "<group>"; };
		07C2585D24A2B0BD009C4025 /* Preview Assets.xcassets */ = {isa = PBXFileReference; lastKnownFileType = folder.assetcatalog; path = "Preview Assets.xcassets"; sourceTree = "<group>"; };
		07C2586024A2B0BD009C4025 /* Base */ = {isa = PBXFileReference; lastKnownFileType = file.storyboard; name = Base; path = Base.lproj/LaunchScreen.storyboard; sourceTree = "<group>"; };
		07C2586224A2B0BD009C4025 /* Info.plist */ = {isa = PBXFileReference; lastKnownFileType = text.plist.xml; path = Info.plist; sourceTree = "<group>"; };
		07C2586724A2B0BD009C4025 /* CChessTests.xctest */ = {isa = PBXFileReference; explicitFileType = wrapper.cfbundle; includeInIndex = 0; path = CChessTests.xctest; sourceTree = BUILT_PRODUCTS_DIR; };
		07C2586D24A2B0BD009C4025 /* Info.plist */ = {isa = PBXFileReference; lastKnownFileType = text.plist.xml; path = Info.plist; sourceTree = "<group>"; };
		07FA1E8C24A58F8E00B633F6 /* Pieces.xcassets */ = {isa = PBXFileReference; lastKnownFileType = folder.assetcatalog; path = Pieces.xcassets; sourceTree = "<group>"; };
		07FA1E8E24A5B76800B633F6 /* CChessPiece.swift */ = {isa = PBXFileReference; lastKnownFileType = sourcecode.swift; path = CChessPiece.swift; sourceTree = "<group>"; };
		07FA1E9024A5B7B300B633F6 /* CChessGame.swift */ = {isa = PBXFileReference; lastKnownFileType = sourcecode.swift; path = CChessGame.swift; sourceTree = "<group>"; };
		07FA1E9A24A9491F00B633F6 /* drop.wav */ = {isa = PBXFileReference; lastKnownFileType = audio.wav; name = drop.wav; path = ../../../../Downloads/drop.wav; sourceTree = "<group>"; };
		07FA1E9C24A9574400B633F6 /* NearbyService.swift */ = {isa = PBXFileReference; lastKnownFileType = sourcecode.swift; path = NearbyService.swift; sourceTree = "<group>"; };
		07FA1E9E24A973D200B633F6 /* NearbyServiceDelegate.swift */ = {isa = PBXFileReference; lastKnownFileType = sourcecode.swift; path = NearbyServiceDelegate.swift; sourceTree = "<group>"; };
/* End PBXFileReference section */

/* Begin PBXFrameworksBuildPhase section */
		07C2584E24A2B0BC009C4025 /* Frameworks */ = {
			isa = PBXFrameworksBuildPhase;
			buildActionMask = 2147483647;
			files = (
			);
			runOnlyForDeploymentPostprocessing = 0;
		};
		07C2586424A2B0BD009C4025 /* Frameworks */ = {
			isa = PBXFrameworksBuildPhase;
			buildActionMask = 2147483647;
			files = (
			);
			runOnlyForDeploymentPostprocessing = 0;
		};
/* End PBXFrameworksBuildPhase section */

/* Begin PBXGroup section */
		07C2584824A2B0BC009C4025 = {
			isa = PBXGroup;
			children = (
				07C2585324A2B0BC009C4025 /* CChess */,
				07C2586A24A2B0BD009C4025 /* CChessTests */,
				07C2585224A2B0BC009C4025 /* Products */,
			);
			sourceTree = "<group>";
		};
		07C2585224A2B0BC009C4025 /* Products */ = {
			isa = PBXGroup;
			children = (
				07C2585124A2B0BC009C4025 /* CChess.app */,
				07C2586724A2B0BD009C4025 /* CChessTests.xctest */,
			);
			name = Products;
			sourceTree = "<group>";
		};
		07C2585324A2B0BC009C4025 /* CChess */ = {
			isa = PBXGroup;
			children = (
				07C2585424A2B0BC009C4025 /* AppDelegate.swift */,
				07C2585624A2B0BC009C4025 /* SceneDelegate.swift */,
				07FA1E9E24A973D200B633F6 /* NearbyServiceDelegate.swift */,
				07FA1E9C24A9574400B633F6 /* NearbyService.swift */,
				07FA1E8E24A5B76800B633F6 /* CChessPiece.swift */,
				0789494724AAC6B2007EEFB2 /* CChessRank.swift */,
				07FA1E9024A5B7B300B633F6 /* CChessGame.swift */,
				07C2585824A2B0BC009C4025 /* ContentView.swift */,
				07FA1E8C24A58F8E00B633F6 /* Pieces.xcassets */,
				07C2585A24A2B0BD009C4025 /* Assets.xcassets */,
				07FA1E9A24A9491F00B633F6 /* drop.wav */,
				07C2585F24A2B0BD009C4025 /* LaunchScreen.storyboard */,
				07C2586224A2B0BD009C4025 /* Info.plist */,
				07C2585C24A2B0BD009C4025 /* Preview Content */,
			);
			path = CChess;
			sourceTree = "<group>";
		};
		07C2585C24A2B0BD009C4025 /* Preview Content */ = {
			isa = PBXGroup;
			children = (
				07C2585D24A2B0BD009C4025 /* Preview Assets.xcassets */,
			);
			path = "Preview Content";
			sourceTree = "<group>";
		};
		07C2586A24A2B0BD009C4025 /* CChessTests */ = {
			isa = PBXGroup;
			children = (
				07C2586D24A2B0BD009C4025 /* Info.plist */,
				0789494524AAC40B007EEFB2 /* CChessGameTests.swift */,
			);
			path = CChessTests;
			sourceTree = "<group>";
		};
/* End PBXGroup section */

/* Begin PBXNativeTarget section */
		07C2585024A2B0BC009C4025 /* CChess */ = {
			isa = PBXNativeTarget;
			buildConfigurationList = 07C2587024A2B0BD009C4025 /* Build configuration list for PBXNativeTarget "CChess" */;
			buildPhases = (
				07C2584D24A2B0BC009C4025 /* Sources */,
				07C2584E24A2B0BC009C4025 /* Frameworks */,
				07C2584F24A2B0BC009C4025 /* Resources */,
			);
			buildRules = (
			);
			dependencies = (
			);
			name = CChess;
			productName = CChess;
			productReference = 07C2585124A2B0BC009C4025 /* CChess.app */;
			productType = "com.apple.product-type.application";
		};
		07C2586624A2B0BD009C4025 /* CChessTests */ = {
			isa = PBXNativeTarget;
			buildConfigurationList = 07C2587324A2B0BD009C4025 /* Build configuration list for PBXNativeTarget "CChessTests" */;
			buildPhases = (
				07C2586324A2B0BD009C4025 /* Sources */,
				07C2586424A2B0BD009C4025 /* Frameworks */,
				07C2586524A2B0BD009C4025 /* Resources */,
			);
			buildRules = (
			);
			dependencies = (
				07C2586924A2B0BD009C4025 /* PBXTargetDependency */,
			);
			name = CChessTests;
			productName = CChessTests;
			productReference = 07C2586724A2B0BD009C4025 /* CChessTests.xctest */;
			productType = "com.apple.product-type.bundle.unit-test";
		};
/* End PBXNativeTarget section */

/* Begin PBXProject section */
		07C2584924A2B0BC009C4025 /* Project object */ = {
			isa = PBXProject;
			attributes = {
				LastSwiftUpdateCheck = 1150;
				LastUpgradeCheck = 1150;
				ORGANIZATIONNAME = "Gold Thumb Inc.";
				TargetAttributes = {
					07C2585024A2B0BC009C4025 = {
						CreatedOnToolsVersion = 11.5;
					};
					07C2586624A2B0BD009C4025 = {
						CreatedOnToolsVersion = 11.5;
						LastSwiftMigration = 1150;
						TestTargetID = 07C2585024A2B0BC009C4025;
					};
				};
			};
			buildConfigurationList = 07C2584C24A2B0BC009C4025 /* Build configuration list for PBXProject "CChess" */;
			compatibilityVersion = "Xcode 9.3";
			developmentRegion = en;
			hasScannedForEncodings = 0;
			knownRegions = (
				en,
				Base,
			);
			mainGroup = 07C2584824A2B0BC009C4025;
			productRefGroup = 07C2585224A2B0BC009C4025 /* Products */;
			projectDirPath = "";
			projectRoot = "";
			targets = (
				07C2585024A2B0BC009C4025 /* CChess */,
				07C2586624A2B0BD009C4025 /* CChessTests */,
			);
		};
/* End PBXProject section */

/* Begin PBXResourcesBuildPhase section */
		07C2584F24A2B0BC009C4025 /* Resources */ = {
			isa = PBXResourcesBuildPhase;
			buildActionMask = 2147483647;
			files = (
				07FA1E9B24A9491F00B633F6 /* drop.wav in Resources */,
				07FA1E8D24A58F8F00B633F6 /* Pieces.xcassets in Resources */,
				07C2586124A2B0BD009C4025 /* LaunchScreen.storyboard in Resources */,
				07C2585E24A2B0BD009C4025 /* Preview Assets.xcassets in Resources */,
				07C2585B24A2B0BD009C4025 /* Assets.xcassets in Resources */,
			);
			runOnlyForDeploymentPostprocessing = 0;
		};
		07C2586524A2B0BD009C4025 /* Resources */ = {
			isa = PBXResourcesBuildPhase;
			buildActionMask = 2147483647;
			files = (
			);
			runOnlyForDeploymentPostprocessing = 0;
		};
/* End PBXResourcesBuildPhase section */

/* Begin PBXSourcesBuildPhase section */
		07C2584D24A2B0BC009C4025 /* Sources */ = {
			isa = PBXSourcesBuildPhase;
			buildActionMask = 2147483647;
			files = (
				0789494824AAC6B2007EEFB2 /* CChessRank.swift in Sources */,
				07C2585524A2B0BC009C4025 /* AppDelegate.swift in Sources */,
				07C2585724A2B0BC009C4025 /* SceneDelegate.swift in Sources */,
				07FA1E9D24A9574400B633F6 /* NearbyService.swift in Sources */,
				07C2585924A2B0BC009C4025 /* ContentView.swift in Sources */,
				07FA1E8F24A5B76800B633F6 /* CChessPiece.swift in Sources */,
				07FA1E9F24A973D200B633F6 /* NearbyServiceDelegate.swift in Sources */,
				07FA1E9124A5B7B300B633F6 /* CChessGame.swift in Sources */,
			);
			runOnlyForDeploymentPostprocessing = 0;
		};
		07C2586324A2B0BD009C4025 /* Sources */ = {
			isa = PBXSourcesBuildPhase;
			buildActionMask = 2147483647;
			files = (
				0789494624AAC40B007EEFB2 /* CChessGameTests.swift in Sources */,
			);
			runOnlyForDeploymentPostprocessing = 0;
		};
/* End PBXSourcesBuildPhase section */

/* Begin PBXTargetDependency section */
		07C2586924A2B0BD009C4025 /* PBXTargetDependency */ = {
			isa = PBXTargetDependency;
			target = 07C2585024A2B0BC009C4025 /* CChess */;
			targetProxy = 07C2586824A2B0BD009C4025 /* PBXContainerItemProxy */;
		};
/* End PBXTargetDependency section */

/* Begin PBXVariantGroup section */
		07C2585F24A2B0BD009C4025 /* LaunchScreen.storyboard */ = {
			isa = PBXVariantGroup;
			children = (
				07C2586024A2B0BD009C4025 /* Base */,
			);
			name = LaunchScreen.storyboard;
			sourceTree = "<group>";
		};
/* End PBXVariantGroup section */

/* Begin XCBuildConfiguration section */
		07C2586E24A2B0BD009C4025 /* Debug */ = {
			isa = XCBuildConfiguration;
			buildSettings = {
				ALWAYS_SEARCH_USER_PATHS = NO;
				CLANG_ANALYZER_NONNULL = YES;
				CLANG_ANALYZER_NUMBER_OBJECT_CONVERSION = YES_AGGRESSIVE;
				CLANG_CXX_LANGUAGE_STANDARD = "gnu++14";
				CLANG_CXX_LIBRARY = "libc++";
				CLANG_ENABLE_MODULES = YES;
				CLANG_ENABLE_OBJC_ARC = YES;
				CLANG_ENABLE_OBJC_WEAK = YES;
				CLANG_WARN_BLOCK_CAPTURE_AUTORELEASING = YES;
				CLANG_WARN_BOOL_CONVERSION = YES;
				CLANG_WARN_COMMA = YES;
				CLANG_WARN_CONSTANT_CONVERSION = YES;
				CLANG_WARN_DEPRECATED_OBJC_IMPLEMENTATIONS = YES;
				CLANG_WARN_DIRECT_OBJC_ISA_USAGE = YES_ERROR;
				CLANG_WARN_DOCUMENTATION_COMMENTS = YES;
				CLANG_WARN_EMPTY_BODY = YES;
				CLANG_WARN_ENUM_CONVERSION = YES;
				CLANG_WARN_INFINITE_RECURSION = YES;
				CLANG_WARN_INT_CONVERSION = YES;
				CLANG_WARN_NON_LITERAL_NULL_CONVERSION = YES;
				CLANG_WARN_OBJC_IMPLICIT_RETAIN_SELF = YES;
				CLANG_WARN_OBJC_LITERAL_CONVERSION = YES;
				CLANG_WARN_OBJC_ROOT_CLASS = YES_ERROR;
				CLANG_WARN_RANGE_LOOP_ANALYSIS = YES;
				CLANG_WARN_STRICT_PROTOTYPES = YES;
				CLANG_WARN_SUSPICIOUS_MOVE = YES;
				CLANG_WARN_UNGUARDED_AVAILABILITY = YES_AGGRESSIVE;
				CLANG_WARN_UNREACHABLE_CODE = YES;
				CLANG_WARN__DUPLICATE_METHOD_MATCH = YES;
				COPY_PHASE_STRIP = NO;
				DEBUG_INFORMATION_FORMAT = dwarf;
				ENABLE_STRICT_OBJC_MSGSEND = YES;
				ENABLE_TESTABILITY = YES;
				GCC_C_LANGUAGE_STANDARD = gnu11;
				GCC_DYNAMIC_NO_PIC = NO;
				GCC_NO_COMMON_BLOCKS = YES;
				GCC_OPTIMIZATION_LEVEL = 0;
				GCC_PREPROCESSOR_DEFINITIONS = (
					"DEBUG=1",
					"$(inherited)",
				);
				GCC_WARN_64_TO_32_BIT_CONVERSION = YES;
				GCC_WARN_ABOUT_RETURN_TYPE = YES_ERROR;
				GCC_WARN_UNDECLARED_SELECTOR = YES;
				GCC_WARN_UNINITIALIZED_AUTOS = YES_AGGRESSIVE;
				GCC_WARN_UNUSED_FUNCTION = YES;
				GCC_WARN_UNUSED_VARIABLE = YES;
				IPHONEOS_DEPLOYMENT_TARGET = 13.5;
				MTL_ENABLE_DEBUG_INFO = INCLUDE_SOURCE;
				MTL_FAST_MATH = YES;
				ONLY_ACTIVE_ARCH = YES;
				SDKROOT = iphoneos;
				SWIFT_ACTIVE_COMPILATION_CONDITIONS = DEBUG;
				SWIFT_OPTIMIZATION_LEVEL = "-Onone";
			};
			name = Debug;
		};
		07C2586F24A2B0BD009C4025 /* Release */ = {
			isa = XCBuildConfiguration;
			buildSettings = {
				ALWAYS_SEARCH_USER_PATHS = NO;
				CLANG_ANALYZER_NONNULL = YES;
				CLANG_ANALYZER_NUMBER_OBJECT_CONVERSION = YES_AGGRESSIVE;
				CLANG_CXX_LANGUAGE_STANDARD = "gnu++14";
				CLANG_CXX_LIBRARY = "libc++";
				CLANG_ENABLE_MODULES = YES;
				CLANG_ENABLE_OBJC_ARC = YES;
				CLANG_ENABLE_OBJC_WEAK = YES;
				CLANG_WARN_BLOCK_CAPTURE_AUTORELEASING = YES;
				CLANG_WARN_BOOL_CONVERSION = YES;
				CLANG_WARN_COMMA = YES;
				CLANG_WARN_CONSTANT_CONVERSION = YES;
				CLANG_WARN_DEPRECATED_OBJC_IMPLEMENTATIONS = YES;
				CLANG_WARN_DIRECT_OBJC_ISA_USAGE = YES_ERROR;
				CLANG_WARN_DOCUMENTATION_COMMENTS = YES;
				CLANG_WARN_EMPTY_BODY = YES;
				CLANG_WARN_ENUM_CONVERSION = YES;
				CLANG_WARN_INFINITE_RECURSION = YES;
				CLANG_WARN_INT_CONVERSION = YES;
				CLANG_WARN_NON_LITERAL_NULL_CONVERSION = YES;
				CLANG_WARN_OBJC_IMPLICIT_RETAIN_SELF = YES;
				CLANG_WARN_OBJC_LITERAL_CONVERSION = YES;
				CLANG_WARN_OBJC_ROOT_CLASS = YES_ERROR;
				CLANG_WARN_RANGE_LOOP_ANALYSIS = YES;
				CLANG_WARN_STRICT_PROTOTYPES = YES;
				CLANG_WARN_SUSPICIOUS_MOVE = YES;
				CLANG_WARN_UNGUARDED_AVAILABILITY = YES_AGGRESSIVE;
				CLANG_WARN_UNREACHABLE_CODE = YES;
				CLANG_WARN__DUPLICATE_METHOD_MATCH = YES;
				COPY_PHASE_STRIP = NO;
				DEBUG_INFORMATION_FORMAT = "dwarf-with-dsym";
				ENABLE_NS_ASSERTIONS = NO;
				ENABLE_STRICT_OBJC_MSGSEND = YES;
				GCC_C_LANGUAGE_STANDARD = gnu11;
				GCC_NO_COMMON_BLOCKS = YES;
				GCC_WARN_64_TO_32_BIT_CONVERSION = YES;
				GCC_WARN_ABOUT_RETURN_TYPE = YES_ERROR;
				GCC_WARN_UNDECLARED_SELECTOR = YES;
				GCC_WARN_UNINITIALIZED_AUTOS = YES_AGGRESSIVE;
				GCC_WARN_UNUSED_FUNCTION = YES;
				GCC_WARN_UNUSED_VARIABLE = YES;
				IPHONEOS_DEPLOYMENT_TARGET = 13.5;
				MTL_ENABLE_DEBUG_INFO = NO;
				MTL_FAST_MATH = YES;
				SDKROOT = iphoneos;
				SWIFT_COMPILATION_MODE = wholemodule;
				SWIFT_OPTIMIZATION_LEVEL = "-O";
				VALIDATE_PRODUCT = YES;
			};
			name = Release;
		};
		07C2587124A2B0BD009C4025 /* Debug */ = {
			isa = XCBuildConfiguration;
			buildSettings = {
				ASSETCATALOG_COMPILER_APPICON_NAME = AppIcon;
				CODE_SIGN_STYLE = Automatic;
				DEVELOPMENT_ASSET_PATHS = "\"CChess/Preview Content\"";
				DEVELOPMENT_TEAM = J8B74FCZCC;
				ENABLE_PREVIEWS = YES;
				INFOPLIST_FILE = CChess/Info.plist;
				LD_RUNPATH_SEARCH_PATHS = (
					"$(inherited)",
					"@executable_path/Frameworks",
				);
				PRODUCT_BUNDLE_IDENTIFIER = com.goldthumb.CChess;
				PRODUCT_NAME = "$(TARGET_NAME)";
				SWIFT_VERSION = 5.0;
				TARGETED_DEVICE_FAMILY = "1,2";
			};
			name = Debug;
		};
		07C2587224A2B0BD009C4025 /* Release */ = {
			isa = XCBuildConfiguration;
			buildSettings = {
				ASSETCATALOG_COMPILER_APPICON_NAME = AppIcon;
				CODE_SIGN_STYLE = Automatic;
				DEVELOPMENT_ASSET_PATHS = "\"CChess/Preview Content\"";
				DEVELOPMENT_TEAM = J8B74FCZCC;
				ENABLE_PREVIEWS = YES;
				INFOPLIST_FILE = CChess/Info.plist;
				LD_RUNPATH_SEARCH_PATHS = (
					"$(inherited)",
					"@executable_path/Frameworks",
				);
				PRODUCT_BUNDLE_IDENTIFIER = com.goldthumb.CChess;
				PRODUCT_NAME = "$(TARGET_NAME)";
				SWIFT_VERSION = 5.0;
				TARGETED_DEVICE_FAMILY = "1,2";
			};
			name = Release;
		};
		07C2587424A2B0BD009C4025 /* Debug */ = {
			isa = XCBuildConfiguration;
			buildSettings = {
				ALWAYS_EMBED_SWIFT_STANDARD_LIBRARIES = YES;
				BUNDLE_LOADER = "$(TEST_HOST)";
				CLANG_ENABLE_MODULES = YES;
				CODE_SIGN_STYLE = Automatic;
				DEVELOPMENT_TEAM = J8B74FCZCC;
				INFOPLIST_FILE = CChessTests/Info.plist;
				IPHONEOS_DEPLOYMENT_TARGET = 13.5;
				LD_RUNPATH_SEARCH_PATHS = (
					"$(inherited)",
					"@executable_path/Frameworks",
					"@loader_path/Frameworks",
				);
				PRODUCT_BUNDLE_IDENTIFIER = com.goldthumb.CChessTests;
				PRODUCT_NAME = "$(TARGET_NAME)";
				SWIFT_OPTIMIZATION_LEVEL = "-Onone";
				SWIFT_VERSION = 5.0;
				TARGETED_DEVICE_FAMILY = "1,2";
				TEST_HOST = "$(BUILT_PRODUCTS_DIR)/CChess.app/CChess";
			};
			name = Debug;
		};
		07C2587524A2B0BD009C4025 /* Release */ = {
			isa = XCBuildConfiguration;
			buildSettings = {
				ALWAYS_EMBED_SWIFT_STANDARD_LIBRARIES = YES;
				BUNDLE_LOADER = "$(TEST_HOST)";
				CLANG_ENABLE_MODULES = YES;
				CODE_SIGN_STYLE = Automatic;
				DEVELOPMENT_TEAM = J8B74FCZCC;
				INFOPLIST_FILE = CChessTests/Info.plist;
				IPHONEOS_DEPLOYMENT_TARGET = 13.5;
				LD_RUNPATH_SEARCH_PATHS = (
					"$(inherited)",
					"@executable_path/Frameworks",
					"@loader_path/Frameworks",
				);
				PRODUCT_BUNDLE_IDENTIFIER = com.goldthumb.CChessTests;
				PRODUCT_NAME = "$(TARGET_NAME)";
				SWIFT_VERSION = 5.0;
				TARGETED_DEVICE_FAMILY = "1,2";
				TEST_HOST = "$(BUILT_PRODUCTS_DIR)/CChess.app/CChess";
			};
			name = Release;
		};
/* End XCBuildConfiguration section */

/* Begin XCConfigurationList section */
		07C2584C24A2B0BC009C4025 /* Build configuration list for PBXProject "CChess" */ = {
			isa = XCConfigurationList;
			buildConfigurations = (
				07C2586E24A2B0BD009C4025 /* Debug */,
				07C2586F24A2B0BD009C4025 /* Release */,
			);
			defaultConfigurationIsVisible = 0;
			defaultConfigurationName = Release;
		};
		07C2587024A2B0BD009C4025 /* Build configuration list for PBXNativeTarget "CChess" */ = {
			isa = XCConfigurationList;
			buildConfigurations = (
				07C2587124A2B0BD009C4025 /* Debug */,
				07C2587224A2B0BD009C4025 /* Release */,
			);
			defaultConfigurationIsVisible = 0;
			defaultConfigurationName = Release;
		};
		07C2587324A2B0BD009C4025 /* Build configuration list for PBXNativeTarget "CChessTests" */ = {
			isa = XCConfigurationList;
			buildConfigurations = (
				07C2587424A2B0BD009C4025 /* Debug */,
				07C2587524A2B0BD009C4025 /* Release */,
			);
			defaultConfigurationIsVisible = 0;
			defaultConfigurationName = Release;
		};
/* End XCConfigurationList section */
	};
	rootObject = 07C2584924A2B0BC009C4025 /* Project object */;
}
